
Microsoft Visual Studio Solution File, Format Version 12.00
# Visual Studio 15
VisualStudioVersion = 15.0.28307.271
MinimumVisualStudioVersion = 10.0.40219.1
Project("{2150E333-8FDC-42A3-9474-1A3956D46DE8}") = "src", "src", "{439B6875-5A3E-4238-88B6-93EDA5EBA30E}"
EndProject
Project("{9A19103F-16F7-4668-BE54-9A1E7A4F7556}") = "Uragano.Core", "src\Uragano.Core\Uragano.Core.csproj", "{7D2613F8-5736-4AD7-883D-E47A8655795D}"
EndProject
Project("{9A19103F-16F7-4668-BE54-9A1E7A4F7556}") = "Uragano.DynamicProxy", "src\Uragano.DynamicProxy\Uragano.DynamicProxy.csproj", "{C6AE65C3-DFC2-484F-937E-482363581DE1}"
EndProject
Project("{2150E333-8FDC-42A3-9474-1A3956D46DE8}") = "samples", "samples", "{37596B72-254F-41F3-AD1C-F7F421EB5F02}"
EndProject
Project("{9A19103F-16F7-4668-BE54-9A1E7A4F7556}") = "Sample.WebApi", "samples\Sample.WebApi\Sample.WebApi.csproj", "{3F8DE4D5-C985-438C-B144-13813CD1583C}"
EndProject
Project("{9A19103F-16F7-4668-BE54-9A1E7A4F7556}") = "Uragano.Abstractions", "src\Uragano.Abstract\Uragano.Abstractions.csproj", "{51AD8A8F-7DBA-485B-9DB5-051C37892080}"
EndProject
Project("{9A19103F-16F7-4668-BE54-9A1E7A4F7556}") = "Uragano.Remoting", "src\Uragano.Remoting\Uragano.Remoting.csproj", "{2D2972E7-583C-438C-8BAA-712BE812BF9B}"
EndProject
Project("{9A19103F-16F7-4668-BE54-9A1E7A4F7556}") = "Sample.Server", "Samples\Sample.Server\Sample.Server.csproj", "{5B55055A-0FE4-4CD4-B7B2-9C7E5F55C461}"
EndProject
Project("{9A19103F-16F7-4668-BE54-9A1E7A4F7556}") = "Sample.Service.Interfaces", "samples\Sample.Service.Interfaces\Sample.Service.Interfaces.csproj", "{359183AC-E5C6-4C21-A58B-B1C0FA694C2A}"
EndProject
Project("{9A19103F-16F7-4668-BE54-9A1E7A4F7556}") = "Uragano.Consul", "src\Uragano.Consul\Uragano.Consul.csproj", "{AF570339-CD9D-4F22-A8F4-D784A713081A}"
EndProject
Project("{9A19103F-16F7-4668-BE54-9A1E7A4F7556}") = "Uragano.Codec.MessagePack", "src\Uragano.Codec.MessagePack\Uragano.Codec.MessagePack.csproj", "{B69CE08A-5216-4DC7-BE8E-4A3A784DD98D}"
EndProject
Project("{2150E333-8FDC-42A3-9474-1A3956D46DE8}") = "test", "test", "{E6A0D073-6D88-4C5C-A244-CDD2AEEFE3CF}"
EndProject
Project("{9A19103F-16F7-4668-BE54-9A1E7A4F7556}") = "XUnitTest", "test\XUnitTest\XUnitTest.csproj", "{EBCAB686-FA72-42C3-95F9-BB2BC3BA32F3}"
EndProject
Project("{9A19103F-16F7-4668-BE54-9A1E7A4F7556}") = "Uragano.Caching.Redis", "src\Uragano.Caching.Redis\Uragano.Caching.Redis.csproj", "{13CB019F-32D2-48A3-B454-5C103291CE0F}"
EndProject
Project("{FAE04EC0-301F-11D3-BF4B-00C04F79EFBC}") = "Sample.Common", "samples\Sample.Common\Sample.Common.csproj", "{90F0D08B-4CDC-4A63-BD46-A6B58AABA6E7}"
EndProject
Global
	GlobalSection(SolutionConfigurationPlatforms) = preSolution
		Debug|Any CPU = Debug|Any CPU
		Release|Any CPU = Release|Any CPU
	EndGlobalSection
	GlobalSection(ProjectConfigurationPlatforms) = postSolution
		{7D2613F8-5736-4AD7-883D-E47A8655795D}.Debug|Any CPU.ActiveCfg = Debug|Any CPU
		{7D2613F8-5736-4AD7-883D-E47A8655795D}.Debug|Any CPU.Build.0 = Debug|Any CPU
		{7D2613F8-5736-4AD7-883D-E47A8655795D}.Release|Any CPU.ActiveCfg = Release|Any CPU
		{7D2613F8-5736-4AD7-883D-E47A8655795D}.Release|Any CPU.Build.0 = Release|Any CPU
		{C6AE65C3-DFC2-484F-937E-482363581DE1}.Debug|Any CPU.ActiveCfg = Debug|Any CPU
		{C6AE65C3-DFC2-484F-937E-482363581DE1}.Debug|Any CPU.Build.0 = Debug|Any CPU
		{C6AE65C3-DFC2-484F-937E-482363581DE1}.Release|Any CPU.ActiveCfg = Release|Any CPU
		{C6AE65C3-DFC2-484F-937E-482363581DE1}.Release|Any CPU.Build.0 = Release|Any CPU
		{3F8DE4D5-C985-438C-B144-13813CD1583C}.Debug|Any CPU.ActiveCfg = Debug|Any CPU
		{3F8DE4D5-C985-438C-B144-13813CD1583C}.Debug|Any CPU.Build.0 = Debug|Any CPU
		{3F8DE4D5-C985-438C-B144-13813CD1583C}.Release|Any CPU.ActiveCfg = Release|Any CPU
		{3F8DE4D5-C985-438C-B144-13813CD1583C}.Release|Any CPU.Build.0 = Release|Any CPU
		{51AD8A8F-7DBA-485B-9DB5-051C37892080}.Debug|Any CPU.ActiveCfg = Debug|Any CPU
		{51AD8A8F-7DBA-485B-9DB5-051C37892080}.Debug|Any CPU.Build.0 = Debug|Any CPU
		{51AD8A8F-7DBA-485B-9DB5-051C37892080}.Release|Any CPU.ActiveCfg = Release|Any CPU
		{51AD8A8F-7DBA-485B-9DB5-051C37892080}.Release|Any CPU.Build.0 = Release|Any CPU
		{2D2972E7-583C-438C-8BAA-712BE812BF9B}.Debug|Any CPU.ActiveCfg = Debug|Any CPU
		{2D2972E7-583C-438C-8BAA-712BE812BF9B}.Debug|Any CPU.Build.0 = Debug|Any CPU
		{2D2972E7-583C-438C-8BAA-712BE812BF9B}.Release|Any CPU.ActiveCfg = Release|Any CPU
		{2D2972E7-583C-438C-8BAA-712BE812BF9B}.Release|Any CPU.Build.0 = Release|Any CPU
		{5B55055A-0FE4-4CD4-B7B2-9C7E5F55C461}.Debug|Any CPU.ActiveCfg = Debug|Any CPU
		{5B55055A-0FE4-4CD4-B7B2-9C7E5F55C461}.Debug|Any CPU.Build.0 = Debug|Any CPU
		{5B55055A-0FE4-4CD4-B7B2-9C7E5F55C461}.Release|Any CPU.ActiveCfg = Release|Any CPU
		{5B55055A-0FE4-4CD4-B7B2-9C7E5F55C461}.Release|Any CPU.Build.0 = Release|Any CPU
		{359183AC-E5C6-4C21-A58B-B1C0FA694C2A}.Debug|Any CPU.ActiveCfg = Debug|Any CPU
		{359183AC-E5C6-4C21-A58B-B1C0FA694C2A}.Debug|Any CPU.Build.0 = Debug|Any CPU
		{359183AC-E5C6-4C21-A58B-B1C0FA694C2A}.Release|Any CPU.ActiveCfg = Release|Any CPU
		{359183AC-E5C6-4C21-A58B-B1C0FA694C2A}.Release|Any CPU.Build.0 = Release|Any CPU
		{AF570339-CD9D-4F22-A8F4-D784A713081A}.Debug|Any CPU.ActiveCfg = Debug|Any CPU
		{AF570339-CD9D-4F22-A8F4-D784A713081A}.Debug|Any CPU.Build.0 = Debug|Any CPU
		{AF570339-CD9D-4F22-A8F4-D784A713081A}.Release|Any CPU.ActiveCfg = Release|Any CPU
		{AF570339-CD9D-4F22-A8F4-D784A713081A}.Release|Any CPU.Build.0 = Release|Any CPU
		{B69CE08A-5216-4DC7-BE8E-4A3A784DD98D}.Debug|Any CPU.ActiveCfg = Debug|Any CPU
		{B69CE08A-5216-4DC7-BE8E-4A3A784DD98D}.Debug|Any CPU.Build.0 = Debug|Any CPU
		{B69CE08A-5216-4DC7-BE8E-4A3A784DD98D}.Release|Any CPU.ActiveCfg = Release|Any CPU
		{B69CE08A-5216-4DC7-BE8E-4A3A784DD98D}.Release|Any CPU.Build.0 = Release|Any CPU
		{EBCAB686-FA72-42C3-95F9-BB2BC3BA32F3}.Debug|Any CPU.ActiveCfg = Debug|Any CPU
		{EBCAB686-FA72-42C3-95F9-BB2BC3BA32F3}.Debug|Any CPU.Build.0 = Debug|Any CPU
		{EBCAB686-FA72-42C3-95F9-BB2BC3BA32F3}.Release|Any CPU.ActiveCfg = Release|Any CPU
		{EBCAB686-FA72-42C3-95F9-BB2BC3BA32F3}.Release|Any CPU.Build.0 = Release|Any CPU
		{13CB019F-32D2-48A3-B454-5C103291CE0F}.Debug|Any CPU.ActiveCfg = Debug|Any CPU
		{13CB019F-32D2-48A3-B454-5C103291CE0F}.Debug|Any CPU.Build.0 = Debug|Any CPU
		{13CB019F-32D2-48A3-B454-5C103291CE0F}.Release|Any CPU.ActiveCfg = Release|Any CPU
		{13CB019F-32D2-48A3-B454-5C103291CE0F}.Release|Any CPU.Build.0 = Release|Any CPU
		{90F0D08B-4CDC-4A63-BD46-A6B58AABA6E7}.Debug|Any CPU.ActiveCfg = Debug|Any CPU
		{90F0D08B-4CDC-4A63-BD46-A6B58AABA6E7}.Debug|Any CPU.Build.0 = Debug|Any CPU
		{90F0D08B-4CDC-4A63-BD46-A6B58AABA6E7}.Release|Any CPU.ActiveCfg = Release|Any CPU
		{90F0D08B-4CDC-4A63-BD46-A6B58AABA6E7}.Release|Any CPU.Build.0 = Release|Any CPU
	EndGlobalSection
	GlobalSection(SolutionProperties) = preSolution
		HideSolutionNode = FALSE
	EndGlobalSection
	GlobalSection(NestedProjects) = preSolution
		{7D2613F8-5736-4AD7-883D-E47A8655795D} = {439B6875-5A3E-4238-88B6-93EDA5EBA30E}
		{C6AE65C3-DFC2-484F-937E-482363581DE1} = {439B6875-5A3E-4238-88B6-93EDA5EBA30E}
		{3F8DE4D5-C985-438C-B144-13813CD1583C} = {37596B72-254F-41F3-AD1C-F7F421EB5F02}
		{51AD8A8F-7DBA-485B-9DB5-051C37892080} = {439B6875-5A3E-4238-88B6-93EDA5EBA30E}
		{2D2972E7-583C-438C-8BAA-712BE812BF9B} = {439B6875-5A3E-4238-88B6-93EDA5EBA30E}
		{5B55055A-0FE4-4CD4-B7B2-9C7E5F55C461} = {37596B72-254F-41F3-AD1C-F7F421EB5F02}
		{359183AC-E5C6-4C21-A58B-B1C0FA694C2A} = {37596B72-254F-41F3-AD1C-F7F421EB5F02}
		{AF570339-CD9D-4F22-A8F4-D784A713081A} = {439B6875-5A3E-4238-88B6-93EDA5EBA30E}
		{B69CE08A-5216-4DC7-BE8E-4A3A784DD98D} = {439B6875-5A3E-4238-88B6-93EDA5EBA30E}
		{EBCAB686-FA72-42C3-95F9-BB2BC3BA32F3} = {E6A0D073-6D88-4C5C-A244-CDD2AEEFE3CF}
		{13CB019F-32D2-48A3-B454-5C103291CE0F} = {439B6875-5A3E-4238-88B6-93EDA5EBA30E}
		{90F0D08B-4CDC-4A63-BD46-A6B58AABA6E7} = {37596B72-254F-41F3-AD1C-F7F421EB5F02}
	EndGlobalSection
	GlobalSection(ExtensibilityGlobals) = postSolution
		SolutionGuid = {05D6B99B-B158-41D5-A2C2-3C8206CB45B5}
	EndGlobalSection
EndGlobal
